NeoBundleLock molokai c67bdfcdb31415aa0ade7f8c003261700a885476
NeoBundleLock neobundle.vim 1306c131ff0a6cc094b7ff0727350e442b5427f1
NeoBundleLock supertab 40fe711e088e2ab346738233dd5adbb1be355172
NeoBundleLock syntastic b3e2d8470fddc7f2b598f09023ebc5045a3fb1fd
NeoBundleLock vim-bracketed-paste c4c639f3cacd1b874ed6f5f196fac772e089c932
